
Microsoft Visual Studio Solution File, Format Version 12.00
# Visual Studio Version 17
VisualStudioVersion = 17.3.32922.545
MinimumVisualStudioVersion = 10.0.40219.1
Project("{9A19103F-16F7-4668-BE54-9A1E7A4F7556}") = "GameMarketPlace", "GameMarketPlace\GameMarketPlace.csproj", "{51F4334D-E73C-4B5D-A256-0DA6E3687EFC}"
EndProject
Project("{FAE04EC0-301F-11D3-BF4B-00C04F79EFBC}") = "GameMarketSiteTests", "GameMarketSiteTests\GameMarketSiteTests.csproj", "{64EEB31B-E357-4051-8EB8-39E3D72AF862}"
EndProject
Global
	GlobalSection(SolutionConfigurationPlatforms) = preSolution
		Debug|Any CPU = Debug|Any CPU
		Release|Any CPU = Release|Any CPU
	EndGlobalSection
	GlobalSection(ProjectConfigurationPlatforms) = postSolution
		{51F4334D-E73C-4B5D-A256-0DA6E3687EFC}.Debug|Any CPU.ActiveCfg = Debug|Any CPU
		{51F4334D-E73C-4B5D-A256-0DA6E3687EFC}.Debug|Any CPU.Build.0 = Debug|Any CPU
		{51F4334D-E73C-4B5D-A256-0DA6E3687EFC}.Release|Any CPU.ActiveCfg = Release|Any CPU
		{51F4334D-E73C-4B5D-A256-0DA6E3687EFC}.Release|Any CPU.Build.0 = Release|Any CPU
		{64EEB31B-E357-4051-8EB8-39E3D72AF862}.Debug|Any CPU.ActiveCfg = Debug|Any CPU
		{64EEB31B-E357-4051-8EB8-39E3D72AF862}.Debug|Any CPU.Build.0 = Debug|Any CPU
		{64EEB31B-E357-4051-8EB8-39E3D72AF862}.Release|Any CPU.ActiveCfg = Release|Any CPU
		{64EEB31B-E357-4051-8EB8-39E3D72AF862}.Release|Any CPU.Build.0 = Release|Any CPU
	EndGlobalSection
	GlobalSection(SolutionProperties) = preSolution
		HideSolutionNode = FALSE
	EndGlobalSection
	GlobalSection(ExtensibilityGlobals) = postSolution
		SolutionGuid = {C1D26102-6FD6-43BD-8142-F30A435534D2}
	EndGlobalSection
EndGlobal
